
Microsoft Visual Studio Solution File, Format Version 12.00
# Visual Studio 14
VisualStudioVersion = 14.0.24720.0
MinimumVisualStudioVersion = 10.0.40219.1
Project("{8BC9CEB8-8B4A-11D0-8D11-00A0C91BC942}") = "lang", "lang\yabasic.vcxproj", "{CFAC79A2-4AC5-4411-90D5-E26DB83DD3A8}"
EndProject
Project("{8BC9CEB8-8B4A-11D0-8D11-00A0C91BC942}") = "setup", "setup\setup.vcxproj", "{885C8FC6-F28B-4BB5-A839-721D416C6350}"
EndProject
Project("{8BC9CEB8-8B4A-11D0-8D11-00A0C91BC942}") = "wrapper", "wrapper\wrapper.vcxproj", "{568D58AE-FA55-4747-9E8D-343F3DB6E80F}"
EndProject
Project("{2150E333-8FDC-42A3-9474-1A3956D46DE8}") = "Solution Items", "Solution Items", "{2AA8326A-19AD-4333-9918-C10607F3D3BF}"
	ProjectSection(SolutionItems) = preProject
		Performance1.psess = Performance1.psess
	EndProjectSection
EndProject
Global
	GlobalSection(SolutionConfigurationPlatforms) = preSolution
		Debug|Any CPU = Debug|Any CPU
		Debug|x64 = Debug|x64
		Debug|x86 = Debug|x86
		Release|Any CPU = Release|Any CPU
		Release|x64 = Release|x64
		Release|x86 = Release|x86
		Template|Any CPU = Template|Any CPU
		Template|x64 = Template|x64
		Template|x86 = Template|x86
	EndGlobalSection
	GlobalSection(ProjectConfigurationPlatforms) = postSolution
		{CFAC79A2-4AC5-4411-90D5-E26DB83DD3A8}.Debug|Any CPU.ActiveCfg = Debug|Win32
		{CFAC79A2-4AC5-4411-90D5-E26DB83DD3A8}.Debug|x64.ActiveCfg = Debug|Win32
		{CFAC79A2-4AC5-4411-90D5-E26DB83DD3A8}.Debug|x86.ActiveCfg = Debug|Win32
		{CFAC79A2-4AC5-4411-90D5-E26DB83DD3A8}.Debug|x86.Build.0 = Debug|Win32
		{CFAC79A2-4AC5-4411-90D5-E26DB83DD3A8}.Release|Any CPU.ActiveCfg = Release|Win32
		{CFAC79A2-4AC5-4411-90D5-E26DB83DD3A8}.Release|x64.ActiveCfg = Release|Win32
		{CFAC79A2-4AC5-4411-90D5-E26DB83DD3A8}.Release|x86.ActiveCfg = Release|Win32
		{CFAC79A2-4AC5-4411-90D5-E26DB83DD3A8}.Release|x86.Build.0 = Release|Win32
		{CFAC79A2-4AC5-4411-90D5-E26DB83DD3A8}.Template|Any CPU.ActiveCfg = Template|Win32
		{CFAC79A2-4AC5-4411-90D5-E26DB83DD3A8}.Template|x64.ActiveCfg = Template|Win32
		{CFAC79A2-4AC5-4411-90D5-E26DB83DD3A8}.Template|x86.ActiveCfg = Template|Win32
		{CFAC79A2-4AC5-4411-90D5-E26DB83DD3A8}.Template|x86.Build.0 = Template|Win32
		{885C8FC6-F28B-4BB5-A839-721D416C6350}.Debug|Any CPU.ActiveCfg = Debug|Win32
		{885C8FC6-F28B-4BB5-A839-721D416C6350}.Debug|x64.ActiveCfg = Debug|Win32
		{885C8FC6-F28B-4BB5-A839-721D416C6350}.Debug|x86.ActiveCfg = Debug|Win32
		{885C8FC6-F28B-4BB5-A839-721D416C6350}.Debug|x86.Build.0 = Debug|Win32
		{885C8FC6-F28B-4BB5-A839-721D416C6350}.Release|Any CPU.ActiveCfg = Release|Win32
		{885C8FC6-F28B-4BB5-A839-721D416C6350}.Release|x64.ActiveCfg = Release|Win32
		{885C8FC6-F28B-4BB5-A839-721D416C6350}.Release|x86.ActiveCfg = Release|Win32
		{885C8FC6-F28B-4BB5-A839-721D416C6350}.Release|x86.Build.0 = Release|Win32
		{885C8FC6-F28B-4BB5-A839-721D416C6350}.Template|Any CPU.ActiveCfg = Template|Win32
		{885C8FC6-F28B-4BB5-A839-721D416C6350}.Template|x64.ActiveCfg = Template|Win32
		{885C8FC6-F28B-4BB5-A839-721D416C6350}.Template|x86.ActiveCfg = Template|Win32
		{885C8FC6-F28B-4BB5-A839-721D416C6350}.Template|x86.Build.0 = Template|Win32
		{568D58AE-FA55-4747-9E8D-343F3DB6E80F}.Debug|Any CPU.ActiveCfg = Debug|Win32
		{568D58AE-FA55-4747-9E8D-343F3DB6E80F}.Debug|x64.ActiveCfg = Debug|x64
		{568D58AE-FA55-4747-9E8D-343F3DB6E80F}.Debug|x64.Build.0 = Debug|x64
		{568D58AE-FA55-4747-9E8D-343F3DB6E80F}.Debug|x86.ActiveCfg = Debug|Win32
		{568D58AE-FA55-4747-9E8D-343F3DB6E80F}.Debug|x86.Build.0 = Debug|Win32
		{568D58AE-FA55-4747-9E8D-343F3DB6E80F}.Release|Any CPU.ActiveCfg = Release|Win32
		{568D58AE-FA55-4747-9E8D-343F3DB6E80F}.Release|x64.ActiveCfg = Release|x64
		{568D58AE-FA55-4747-9E8D-343F3DB6E80F}.Release|x64.Build.0 = Release|x64
		{568D58AE-FA55-4747-9E8D-343F3DB6E80F}.Release|x86.ActiveCfg = Release|Win32
		{568D58AE-FA55-4747-9E8D-343F3DB6E80F}.Release|x86.Build.0 = Release|Win32
		{568D58AE-FA55-4747-9E8D-343F3DB6E80F}.Template|Any CPU.ActiveCfg = Release|x64
		{568D58AE-FA55-4747-9E8D-343F3DB6E80F}.Template|Any CPU.Build.0 = Release|x64
		{568D58AE-FA55-4747-9E8D-343F3DB6E80F}.Template|x64.ActiveCfg = Release|x64
		{568D58AE-FA55-4747-9E8D-343F3DB6E80F}.Template|x64.Build.0 = Release|x64
		{568D58AE-FA55-4747-9E8D-343F3DB6E80F}.Template|x86.ActiveCfg = Release|Win32
		{568D58AE-FA55-4747-9E8D-343F3DB6E80F}.Template|x86.Build.0 = Release|Win32
	EndGlobalSection
	GlobalSection(SolutionProperties) = preSolution
		HideSolutionNode = FALSE
	EndGlobalSection
EndGlobal
