
Microsoft Visual Studio Solution File, Format Version 12.00
# Visual Studio 14
VisualStudioVersion = 14.0.24720.0
MinimumVisualStudioVersion = 10.0.40219.1
Project("{8BC9CEB8-8B4A-11D0-8D11-00A0C91BC942}") = "yabasic", "lang\yabasic.vcxproj", "{CFAC79A2-4AC5-4411-90D5-E26DB83DD3A8}"
EndProject
Project("{8BC9CEB8-8B4A-11D0-8D11-00A0C91BC942}") = "setup", "setup\setup.vcxproj", "{885C8FC6-F28B-4BB5-A839-721D416C6350}"
EndProject
Global
	GlobalSection(SolutionConfigurationPlatforms) = preSolution
		Debug|x86 = Debug|x86
		Release|x86 = Release|x86
		Template|x86 = Template|x86
	EndGlobalSection
	GlobalSection(ProjectConfigurationPlatforms) = postSolution
		{CFAC79A2-4AC5-4411-90D5-E26DB83DD3A8}.Debug|x86.ActiveCfg = Debug|Win32
		{CFAC79A2-4AC5-4411-90D5-E26DB83DD3A8}.Debug|x86.Build.0 = Debug|Win32
		{CFAC79A2-4AC5-4411-90D5-E26DB83DD3A8}.Release|x86.ActiveCfg = Release|Win32
		{CFAC79A2-4AC5-4411-90D5-E26DB83DD3A8}.Release|x86.Build.0 = Release|Win32
		{CFAC79A2-4AC5-4411-90D5-E26DB83DD3A8}.Template|x86.ActiveCfg = Template|Win32
		{CFAC79A2-4AC5-4411-90D5-E26DB83DD3A8}.Template|x86.Build.0 = Template|Win32
		{885C8FC6-F28B-4BB5-A839-721D416C6350}.Debug|x86.ActiveCfg = Debug|Win32
		{885C8FC6-F28B-4BB5-A839-721D416C6350}.Debug|x86.Build.0 = Debug|Win32
		{885C8FC6-F28B-4BB5-A839-721D416C6350}.Release|x86.ActiveCfg = Release|Win32
		{885C8FC6-F28B-4BB5-A839-721D416C6350}.Release|x86.Build.0 = Release|Win32
		{885C8FC6-F28B-4BB5-A839-721D416C6350}.Template|x86.ActiveCfg = Template|Win32
		{885C8FC6-F28B-4BB5-A839-721D416C6350}.Template|x86.Build.0 = Template|Win32
	EndGlobalSection
	GlobalSection(SolutionProperties) = preSolution
		HideSolutionNode = FALSE
	EndGlobalSection
EndGlobal
